
Microsoft Visual Studio Solution File, Format Version 12.00
# Visual Studio Version 17
VisualStudioVersion = 17.5.33209.295
MinimumVisualStudioVersion = 10.0.40219.1
Project("{FAE04EC0-301F-11D3-BF4B-00C04F79EFBC}") = "WatchVideo", "WatchVideo.csproj", "{9029955B-0426-42AF-BF99-480F2838D5EB}"
EndProject
Global
	GlobalSection(SolutionConfigurationPlatforms) = preSolution
		Debug|Any CPU = Debug|Any CPU
		Release|Any CPU = Release|Any CPU
	EndGlobalSection
	GlobalSection(ProjectConfigurationPlatforms) = postSolution
		{9029955B-0426-42AF-BF99-480F2838D5EB}.Debug|Any CPU.ActiveCfg = Debug|Any CPU
		{9029955B-0426-42AF-BF99-480F2838D5EB}.Debug|Any CPU.Build.0 = Debug|Any CPU
		{9029955B-0426-42AF-BF99-480F2838D5EB}.Release|Any CPU.ActiveCfg = Release|Any CPU
		{9029955B-0426-42AF-BF99-480F2838D5EB}.Release|Any CPU.Build.0 = Release|Any CPU
	EndGlobalSection
	GlobalSection(SolutionProperties) = preSolution
		HideSolutionNode = FALSE
	EndGlobalSection
	GlobalSection(ExtensibilityGlobals) = postSolution
		SolutionGuid = {F03874DC-7A43-48D8-9402-5B186E8FCF6B}
	EndGlobalSection
EndGlobal
